
Microsoft Visual Studio Solution File, Format Version 12.00
# Visual Studio Version 17
VisualStudioVersion = 17.2.32616.157
MinimumVisualStudioVersion = 10.0.40219.1
Project("{FAE04EC0-301F-11D3-BF4B-00C04F79EFBC}") = "XeMayShop", "XeMayShop\XeMayShop.csproj", "{785340F3-1F9B-40E5-A929-5C182D5A0AE2}"
EndProject
Global
	GlobalSection(SolutionConfigurationPlatforms) = preSolution
		Debug|Any CPU = Debug|Any CPU
		Release|Any CPU = Release|Any CPU
	EndGlobalSection
	GlobalSection(ProjectConfigurationPlatforms) = postSolution
		{785340F3-1F9B-40E5-A929-5C182D5A0AE2}.Debug|Any CPU.ActiveCfg = Debug|Any CPU
		{785340F3-1F9B-40E5-A929-5C182D5A0AE2}.Debug|Any CPU.Build.0 = Debug|Any CPU
		{785340F3-1F9B-40E5-A929-5C182D5A0AE2}.Release|Any CPU.ActiveCfg = Release|Any CPU
		{785340F3-1F9B-40E5-A929-5C182D5A0AE2}.Release|Any CPU.Build.0 = Release|Any CPU
	EndGlobalSection
	GlobalSection(SolutionProperties) = preSolution
		HideSolutionNode = FALSE
	EndGlobalSection
	GlobalSection(ExtensibilityGlobals) = postSolution
		SolutionGuid = {42FE358A-8344-4993-A924-49A8DB41E4DE}
	EndGlobalSection
EndGlobal
